
Microsoft Visual Studio Solution File, Format Version 12.00
# Visual Studio Version 16
VisualStudioVersion = 16.0.30517.126
MinimumVisualStudioVersion = 10.0.40219.1
Project("{9A19103F-16F7-4668-BE54-9A1E7A4F7556}") = "SpaceInvaders", "DynamicGameScreensManagement\SpaceInvaders.csproj", "{2AC8395A-BA88-48CF-A370-B5EEE034F220}"
EndProject
Project("{9A19103F-16F7-4668-BE54-9A1E7A4F7556}") = "Infrastructure", "Infrastructure\Infrastructure.csproj", "{7CBE1C64-5A8B-46F8-94F5-F999857E47D5}"
EndProject
Global
	GlobalSection(SolutionConfigurationPlatforms) = preSolution
		Debug|Any CPU = Debug|Any CPU
		Release|Any CPU = Release|Any CPU
	EndGlobalSection
	GlobalSection(ProjectConfigurationPlatforms) = postSolution
		{2AC8395A-BA88-48CF-A370-B5EEE034F220}.Debug|Any CPU.ActiveCfg = Debug|Any CPU
		{2AC8395A-BA88-48CF-A370-B5EEE034F220}.Debug|Any CPU.Build.0 = Debug|Any CPU
		{2AC8395A-BA88-48CF-A370-B5EEE034F220}.Release|Any CPU.ActiveCfg = Release|Any CPU
		{2AC8395A-BA88-48CF-A370-B5EEE034F220}.Release|Any CPU.Build.0 = Release|Any CPU
		{7CBE1C64-5A8B-46F8-94F5-F999857E47D5}.Debug|Any CPU.ActiveCfg = Debug|Any CPU
		{7CBE1C64-5A8B-46F8-94F5-F999857E47D5}.Debug|Any CPU.Build.0 = Debug|Any CPU
		{7CBE1C64-5A8B-46F8-94F5-F999857E47D5}.Release|Any CPU.ActiveCfg = Release|Any CPU
		{7CBE1C64-5A8B-46F8-94F5-F999857E47D5}.Release|Any CPU.Build.0 = Release|Any CPU
	EndGlobalSection
	GlobalSection(SolutionProperties) = preSolution
		HideSolutionNode = FALSE
	EndGlobalSection
	GlobalSection(ExtensibilityGlobals) = postSolution
		SolutionGuid = {2A454D0D-89CB-4E45-8E17-18A5F96E9DF8}
	EndGlobalSection
EndGlobal
